# This file is automatically @generated by Cargo.
# It is not intended for manual editing.
version = 3

[[package]]
name = "atsame70j19"
version = "0.21.0"
dependencies = [
 "cortex-m",
 "cortex-m-rt",
 "vcell",
]

[[package]]
name = "atsame70j19b"
version = "0.21.0"
dependencies = [
 "cortex-m",
 "cortex-m-rt",
 "vcell",
]

[[package]]
name = "atsame70j20"
version = "0.21.0"
dependencies = [
 "cortex-m",
 "cortex-m-rt",
 "vcell",
]

[[package]]
name = "atsame70j20b"
version = "0.21.0"
dependencies = [
 "cortex-m",
 "cortex-m-rt",
 "vcell",
]

[[package]]
name = "atsame70j21"
version = "0.21.0"
dependencies = [
 "cortex-m",
 "cortex-m-rt",
 "vcell",
]

[[package]]
name = "atsame70j21b"
version = "0.21.0"
dependencies = [
 "cortex-m",
 "cortex-m-rt",
 "vcell",
]

[[package]]
name = "atsame70n19"
version = "0.21.0"
dependencies = [
 "cortex-m",
 "cortex-m-rt",
 "vcell",
]

[[package]]
name = "atsame70n19b"
version = "0.21.0"
dependencies = [
 "cortex-m",
 "cortex-m-rt",
 "vcell",
]

[[package]]
name = "atsame70n20"
version = "0.21.0"
dependencies = [
 "cortex-m",
 "cortex-m-rt",
 "vcell",
]

[[package]]
name = "atsame70n20b"
version = "0.21.0"
dependencies = [
 "cortex-m",
 "cortex-m-rt",
 "vcell",
]

[[package]]
name = "atsame70n21"
version = "0.21.0"
dependencies = [
 "cortex-m",
 "cortex-m-rt",
 "vcell",
]

[[package]]
name = "atsame70n21b"
version = "0.21.0"
dependencies = [
 "cortex-m",
 "cortex-m-rt",
 "vcell",
]

[[package]]
name = "atsame70q19"
version = "0.21.0"
dependencies = [
 "cortex-m",
 "cortex-m-rt",
 "vcell",
]

[[package]]
name = "atsame70q19b"
version = "0.21.0"
dependencies = [
 "cortex-m",
 "cortex-m-rt",
 "vcell",
]

[[package]]
name = "atsame70q20"
version = "0.21.0"
dependencies = [
 "cortex-m",
 "cortex-m-rt",
 "vcell",
]

[[package]]
name = "atsame70q20b"
version = "0.21.0"
dependencies = [
 "cortex-m",
 "cortex-m-rt",
 "vcell",
]

[[package]]
name = "atsame70q21"
version = "0.21.0"
dependencies = [
 "cortex-m",
 "cortex-m-rt",
 "vcell",
]

[[package]]
name = "atsame70q21b"
version = "0.21.0"
dependencies = [
 "cortex-m",
 "cortex-m-rt",
 "vcell",
]

[[package]]
name = "atsams70j19"
version = "0.21.0"
dependencies = [
 "cortex-m",
 "cortex-m-rt",
 "vcell",
]

[[package]]
name = "atsams70j19b"
version = "0.21.0"
dependencies = [
 "cortex-m",
 "cortex-m-rt",
 "vcell",
]

[[package]]
name = "atsams70j20"
version = "0.21.0"
dependencies = [
 "cortex-m",
 "cortex-m-rt",
 "vcell",
]

[[package]]
name = "atsams70j20b"
version = "0.21.0"
dependencies = [
 "cortex-m",
 "cortex-m-rt",
 "vcell",
]

[[package]]
name = "atsams70j21"
version = "0.21.0"
dependencies = [
 "cortex-m",
 "cortex-m-rt",
 "vcell",
]

[[package]]
name = "atsams70j21b"
version = "0.21.0"
dependencies = [
 "cortex-m",
 "cortex-m-rt",
 "vcell",
]

[[package]]
name = "atsams70n19"
version = "0.21.0"
dependencies = [
 "cortex-m",
 "cortex-m-rt",
 "vcell",
]

[[package]]
name = "atsams70n19b"
version = "0.21.0"
dependencies = [
 "cortex-m",
 "cortex-m-rt",
 "vcell",
]

[[package]]
name = "atsams70n20"
version = "0.21.0"
dependencies = [
 "cortex-m",
 "cortex-m-rt",
 "vcell",
]

[[package]]
name = "atsams70n20b"
version = "0.21.0"
dependencies = [
 "cortex-m",
 "cortex-m-rt",
 "vcell",
]

[[package]]
name = "atsams70n21"
version = "0.21.0"
dependencies = [
 "cortex-m",
 "cortex-m-rt",
 "vcell",
]

[[package]]
name = "atsams70n21b"
version = "0.21.0"
dependencies = [
 "cortex-m",
 "cortex-m-rt",
 "vcell",
]

[[package]]
name = "atsams70q19"
version = "0.21.0"
dependencies = [
 "cortex-m",
 "cortex-m-rt",
 "vcell",
]

[[package]]
name = "atsams70q19b"
version = "0.21.0"
dependencies = [
 "cortex-m",
 "cortex-m-rt",
 "vcell",
]

[[package]]
name = "atsams70q20"
version = "0.21.0"
dependencies = [
 "cortex-m",
 "cortex-m-rt",
 "vcell",
]

[[package]]
name = "atsams70q20b"
version = "0.21.0"
dependencies = [
 "cortex-m",
 "cortex-m-rt",
 "vcell",
]

[[package]]
name = "atsams70q21"
version = "0.21.0"
dependencies = [
 "cortex-m",
 "cortex-m-rt",
 "vcell",
]

[[package]]
name = "atsams70q21b"
version = "0.21.0"
dependencies = [
 "cortex-m",
 "cortex-m-rt",
 "vcell",
]

[[package]]
name = "atsamv71j19"
version = "0.21.0"
dependencies = [
 "cortex-m",
 "cortex-m-rt",
 "vcell",
]

[[package]]
name = "atsamv71j19b"
version = "0.21.0"
dependencies = [
 "cortex-m",
 "cortex-m-rt",
 "vcell",
]

[[package]]
name = "atsamv71j20"
version = "0.21.0"
dependencies = [
 "cortex-m",
 "cortex-m-rt",
 "vcell",
]

[[package]]
name = "atsamv71j20b"
version = "0.21.0"
dependencies = [
 "cortex-m",
 "cortex-m-rt",
 "vcell",
]

[[package]]
name = "atsamv71j21"
version = "0.21.0"
dependencies = [
 "cortex-m",
 "cortex-m-rt",
 "vcell",
]

[[package]]
name = "atsamv71j21b"
version = "0.21.0"
dependencies = [
 "cortex-m",
 "cortex-m-rt",
 "vcell",
]

[[package]]
name = "atsamv71n19"
version = "0.21.0"
dependencies = [
 "cortex-m",
 "cortex-m-rt",
 "vcell",
]

[[package]]
name = "atsamv71n19b"
version = "0.21.0"
dependencies = [
 "cortex-m",
 "cortex-m-rt",
 "vcell",
]

[[package]]
name = "atsamv71n20"
version = "0.21.0"
dependencies = [
 "cortex-m",
 "cortex-m-rt",
 "vcell",
]

[[package]]
name = "atsamv71n20b"
version = "0.21.0"
dependencies = [
 "cortex-m",
 "cortex-m-rt",
 "vcell",
]

[[package]]
name = "atsamv71n21"
version = "0.21.0"
dependencies = [
 "cortex-m",
 "cortex-m-rt",
 "vcell",
]

[[package]]
name = "atsamv71n21b"
version = "0.21.0"
dependencies = [
 "cortex-m",
 "cortex-m-rt",
 "vcell",
]

[[package]]
name = "atsamv71q19"
version = "0.21.0"
dependencies = [
 "cortex-m",
 "cortex-m-rt",
 "vcell",
]

[[package]]
name = "atsamv71q19b"
version = "0.21.0"
dependencies = [
 "cortex-m",
 "cortex-m-rt",
 "vcell",
]

[[package]]
name = "atsamv71q20"
version = "0.21.0"
dependencies = [
 "cortex-m",
 "cortex-m-rt",
 "vcell",
]

[[package]]
name = "atsamv71q20b"
version = "0.21.0"
dependencies = [
 "cortex-m",
 "cortex-m-rt",
 "vcell",
]

[[package]]
name = "atsamv71q21"
version = "0.21.0"
dependencies = [
 "cortex-m",
 "cortex-m-rt",
 "vcell",
]

[[package]]
name = "atsamv71q21b"
version = "0.21.0"
dependencies = [
 "cortex-m",
 "cortex-m-rt",
 "vcell",
]

[[package]]
name = "atsamx7x-hal"
version = "0.1.0"
dependencies = [
 "atsame70j19",
 "atsame70j19b",
 "atsame70j20",
 "atsame70j20b",
 "atsame70j21",
 "atsame70j21b",
 "atsame70n19",
 "atsame70n19b",
 "atsame70n20",
 "atsame70n20b",
 "atsame70n21",
 "atsame70n21b",
 "atsame70q19",
 "atsame70q19b",
 "atsame70q20",
 "atsame70q20b",
 "atsame70q21",
 "atsame70q21b",
 "atsams70j19",
 "atsams70j19b",
 "atsams70j20",
 "atsams70j20b",
 "atsams70j21",
 "atsams70j21b",
 "atsams70n19",
 "atsams70n19b",
 "atsams70n20",
 "atsams70n20b",
 "atsams70n21",
 "atsams70n21b",
 "atsams70q19",
 "atsams70q19b",
 "atsams70q20",
 "atsams70q20b",
 "atsams70q21",
 "atsams70q21b",
 "atsamv71j19",
 "atsamv71j19b",
 "atsamv71j20",
 "atsamv71j20b",
 "atsamv71j21",
 "atsamv71j21b",
 "atsamv71n19",
 "atsamv71n19b",
 "atsamv71n20",
 "atsamv71n20b",
 "atsamv71n21",
 "atsamv71n21b",
 "atsamv71q19",
 "atsamv71q19b",
 "atsamv71q20",
 "atsamv71q20b",
 "atsamv71q21",
 "atsamv71q21b",
 "cortex-m",
 "embedded-hal",
 "nb",
]

[[package]]
name = "bare-metal"
version = "0.2.5"
source = "registry+https://github.com/rust-lang/crates.io-index"
checksum = "5deb64efa5bd81e31fcd1938615a6d98c82eafcbcd787162b6f63b91d6bac5b3"
dependencies = [
 "rustc_version",
]

[[package]]
name = "bitfield"
version = "0.13.2"
source = "registry+https://github.com/rust-lang/crates.io-index"
checksum = "46afbd2983a5d5a7bd740ccb198caf5b82f45c40c09c0eed36052d91cb92e719"

[[package]]
name = "cortex-m"
version = "0.7.4"
source = "registry+https://github.com/rust-lang/crates.io-index"
checksum = "37ff967e867ca14eba0c34ac25cd71ea98c678e741e3915d923999bb2fe7c826"
dependencies = [
 "bare-metal",
 "bitfield",
 "embedded-hal",
 "volatile-register",
]

[[package]]
name = "cortex-m-rt"
version = "0.6.15"
source = "registry+https://github.com/rust-lang/crates.io-index"
checksum = "454f278bf469e2de0a4d22ea019d169d8944f86957c8207a39e3f66c32be2fc6"
dependencies = [
 "cortex-m-rt-macros",
 "r0",
]

[[package]]
name = "cortex-m-rt-macros"
version = "0.6.15"
source = "registry+https://github.com/rust-lang/crates.io-index"
checksum = "c8e3aa52243e26f5922fa522b0814019e0c98fc567e2756d715dce7ad7a81f49"
dependencies = [
 "proc-macro2",
 "quote",
 "syn",
]

[[package]]
name = "embedded-hal"
version = "0.2.4"
source = "registry+https://github.com/rust-lang/crates.io-index"
checksum = "fa998ce59ec9765d15216393af37a58961ddcefb14c753b4816ba2191d865fcb"
dependencies = [
 "nb",
 "void",
]

[[package]]
name = "nb"
version = "0.1.2"
source = "registry+https://github.com/rust-lang/crates.io-index"
checksum = "b1411551beb3c11dedfb0a90a0fa256b47d28b9ec2cdff34c25a2fa59e45dbdc"

[[package]]
name = "proc-macro2"
version = "1.0.18"
source = "registry+https://github.com/rust-lang/crates.io-index"
checksum = "beae6331a816b1f65d04c45b078fd8e6c93e8071771f41b8163255bbd8d7c8fa"
dependencies = [
 "unicode-xid",
]

[[package]]
name = "quote"
version = "1.0.6"
source = "registry+https://github.com/rust-lang/crates.io-index"
checksum = "54a21852a652ad6f610c9510194f398ff6f8692e334fd1145fed931f7fbe44ea"
dependencies = [
 "proc-macro2",
]

[[package]]
name = "r0"
version = "0.2.2"
source = "registry+https://github.com/rust-lang/crates.io-index"
checksum = "e2a38df5b15c8d5c7e8654189744d8e396bddc18ad48041a500ce52d6948941f"

[[package]]
name = "rustc_version"
version = "0.2.3"
source = "registry+https://github.com/rust-lang/crates.io-index"
checksum = "138e3e0acb6c9fb258b19b67cb8abd63c00679d2851805ea151465464fe9030a"
dependencies = [
 "semver",
]

[[package]]
name = "semver"
version = "0.9.0"
source = "registry+https://github.com/rust-lang/crates.io-index"
checksum = "1d7eb9ef2c18661902cc47e535f9bc51b78acd254da71d375c2f6720d9a40403"
dependencies = [
 "semver-parser",
]

[[package]]
name = "semver-parser"
version = "0.7.0"
source = "registry+https://github.com/rust-lang/crates.io-index"
checksum = "388a1df253eca08550bef6c72392cfe7c30914bf41df5269b68cbd6ff8f570a3"

[[package]]
name = "syn"
version = "1.0.30"
source = "registry+https://github.com/rust-lang/crates.io-index"
checksum = "93a56fabc59dce20fe48b6c832cc249c713e7ed88fa28b0ee0a3bfcaae5fe4e2"
dependencies = [
 "proc-macro2",
 "quote",
 "unicode-xid",
]

[[package]]
name = "unicode-xid"
version = "0.2.0"
source = "registry+https://github.com/rust-lang/crates.io-index"
checksum = "826e7639553986605ec5979c7dd957c7895e93eabed50ab2ffa7f6128a75097c"

[[package]]
name = "vcell"
version = "0.1.2"
source = "registry+https://github.com/rust-lang/crates.io-index"
checksum = "876e32dcadfe563a4289e994f7cb391197f362b6315dc45e8ba4aa6f564a4b3c"

[[package]]
name = "void"
version = "1.0.2"
source = "registry+https://github.com/rust-lang/crates.io-index"
checksum = "6a02e4885ed3bc0f2de90ea6dd45ebcbb66dacffe03547fadbb0eeae2770887d"

[[package]]
name = "volatile-register"
version = "0.2.0"
source = "registry+https://github.com/rust-lang/crates.io-index"
checksum = "0d67cb4616d99b940db1d6bd28844ff97108b498a6ca850e5b6191a532063286"
dependencies = [
 "vcell",
]
