# This file is automatically @generated by Cargo.
# It is not intended for manual editing.
version = 3

[[package]]
name = "aho-corasick"
version = "1.0.4"
source = "registry+https://github.com/rust-lang/crates.io-index"
checksum = "6748e8def348ed4d14996fa801f4122cd763fff530258cdc03f64b25f89d3a5a"
dependencies = [
 "memchr",
]

[[package]]
name = "anstream"
version = "0.3.2"
source = "registry+https://github.com/rust-lang/crates.io-index"
checksum = "0ca84f3628370c59db74ee214b3263d58f9aadd9b4fe7e711fd87dc452b7f163"
dependencies = [
 "anstyle",
 "anstyle-parse",
 "anstyle-query",
 "anstyle-wincon",
 "colorchoice",
 "is-terminal",
 "utf8parse",
]

[[package]]
name = "anstyle"
version = "1.0.1"
source = "registry+https://github.com/rust-lang/crates.io-index"
checksum = "3a30da5c5f2d5e72842e00bcb57657162cdabef0931f40e2deb9b4140440cecd"

[[package]]
name = "anstyle-parse"
version = "0.2.1"
source = "registry+https://github.com/rust-lang/crates.io-index"
checksum = "938874ff5980b03a87c5524b3ae5b59cf99b1d6bc836848df7bc5ada9643c333"
dependencies = [
 "utf8parse",
]

[[package]]
name = "anstyle-query"
version = "1.0.0"
source = "registry+https://github.com/rust-lang/crates.io-index"
checksum = "5ca11d4be1bab0c8bc8734a9aa7bf4ee8316d462a08c6ac5052f888fef5b494b"
dependencies = [
 "windows-sys",
]

[[package]]
name = "anstyle-wincon"
version = "1.0.2"
source = "registry+https://github.com/rust-lang/crates.io-index"
checksum = "c677ab05e09154296dd37acecd46420c17b9713e8366facafa8fc0885167cf4c"
dependencies = [
 "anstyle",
 "windows-sys",
]

[[package]]
name = "anyhow"
version = "1.0.75"
source = "registry+https://github.com/rust-lang/crates.io-index"
checksum = "a4668cab20f66d8d020e1fbc0ebe47217433c1b6c8f2040faf858554e394ace6"

[[package]]
name = "arrayref"
version = "0.3.7"
source = "registry+https://github.com/rust-lang/crates.io-index"
checksum = "6b4930d2cb77ce62f89ee5d5289b4ac049559b1c45539271f5ed4fdc7db34545"

[[package]]
name = "arrayvec"
version = "0.7.4"
source = "registry+https://github.com/rust-lang/crates.io-index"
checksum = "96d30a06541fbafbc7f82ed10c06164cfbd2c401138f6addd8404629c4b16711"

[[package]]
name = "atomic-polyfill"
version = "0.1.11"
source = "registry+https://github.com/rust-lang/crates.io-index"
checksum = "e3ff7eb3f316534d83a8a2c3d1674ace8a5a71198eba31e2e2b597833f699b28"
dependencies = [
 "critical-section",
]

[[package]]
name = "atsame70_xpro"
version = "0.4.5"
dependencies = [
 "atsamx7x-hal",
 "cortex-m",
 "cortex-m-rtic",
 "heapless",
 "panic-halt",
 "panic-rtt-target",
 "rtt-target",
 "usbd-serial",
]

[[package]]
name = "atsame70j19b"
version = "0.30.3"
source = "registry+https://github.com/rust-lang/crates.io-index"
checksum = "bce1ebf5540a6ce15eda9dca418074644ed690a631e7bdb1146b72dceee65969"
dependencies = [
 "cortex-m",
 "cortex-m-rt",
 "derive_more",
 "form",
 "regex",
 "svd2rust",
 "vcell",
]

[[package]]
name = "atsame70j20b"
version = "0.30.3"
source = "registry+https://github.com/rust-lang/crates.io-index"
checksum = "d724319998047d75853574de4424ddfb8a2cf7ce90f4d796d577841dd1cc5af0"
dependencies = [
 "cortex-m",
 "cortex-m-rt",
 "derive_more",
 "form",
 "regex",
 "svd2rust",
 "vcell",
]

[[package]]
name = "atsame70j21b"
version = "0.30.3"
source = "registry+https://github.com/rust-lang/crates.io-index"
checksum = "f5f0657f59bc016d7f61a9053d68547f0c773fe0ae0c18a98f5a2b331f4c4355"
dependencies = [
 "cortex-m",
 "cortex-m-rt",
 "derive_more",
 "form",
 "regex",
 "svd2rust",
 "vcell",
]

[[package]]
name = "atsame70n19b"
version = "0.30.3"
source = "registry+https://github.com/rust-lang/crates.io-index"
checksum = "ccc5389f2ace0fcd8d5331fecd76a69a26ef724ba70097181c4226870472a94e"
dependencies = [
 "cortex-m",
 "cortex-m-rt",
 "derive_more",
 "form",
 "regex",
 "svd2rust",
 "vcell",
]

[[package]]
name = "atsame70n20b"
version = "0.30.3"
source = "registry+https://github.com/rust-lang/crates.io-index"
checksum = "24e5e1e25470f70cd2cc0c7aab29e62ff943ab699bf64357d887362347251d26"
dependencies = [
 "cortex-m",
 "cortex-m-rt",
 "derive_more",
 "form",
 "regex",
 "svd2rust",
 "vcell",
]

[[package]]
name = "atsame70n21b"
version = "0.30.3"
source = "registry+https://github.com/rust-lang/crates.io-index"
checksum = "a3e183b2c1ce214a19995f004a754db882dc05ce4b378169aab4718527d35129"
dependencies = [
 "cortex-m",
 "cortex-m-rt",
 "derive_more",
 "form",
 "regex",
 "svd2rust",
 "vcell",
]

[[package]]
name = "atsame70q19b"
version = "0.30.3"
source = "registry+https://github.com/rust-lang/crates.io-index"
checksum = "3b2774eddcab1ccda143f2bfe8bfb4ac96e85b7bcf06ffe3e40a469c83ebe9cc"
dependencies = [
 "cortex-m",
 "cortex-m-rt",
 "derive_more",
 "form",
 "regex",
 "svd2rust",
 "vcell",
]

[[package]]
name = "atsame70q20b"
version = "0.30.3"
source = "registry+https://github.com/rust-lang/crates.io-index"
checksum = "a90ea5c16fdd245a6eae8d732f7ae372e651f8fe511b5185fe99a179f5212d99"
dependencies = [
 "cortex-m",
 "cortex-m-rt",
 "derive_more",
 "form",
 "regex",
 "svd2rust",
 "vcell",
]

[[package]]
name = "atsame70q21b"
version = "0.30.3"
source = "registry+https://github.com/rust-lang/crates.io-index"
checksum = "a52ca7273f34fc60606f042d503d0ff168e13cc1a900d62974e07f40bd3754c1"
dependencies = [
 "cortex-m",
 "cortex-m-rt",
 "derive_more",
 "form",
 "regex",
 "svd2rust",
 "vcell",
]

[[package]]
name = "atsams70j19b"
version = "0.30.3"
source = "registry+https://github.com/rust-lang/crates.io-index"
checksum = "a7ea8491505e7e7cbfd79d1426d1f1e01ec2954c3011f1a0bdf321ae37992a79"
dependencies = [
 "cortex-m",
 "cortex-m-rt",
 "derive_more",
 "form",
 "regex",
 "svd2rust",
 "vcell",
]

[[package]]
name = "atsams70j20b"
version = "0.30.3"
source = "registry+https://github.com/rust-lang/crates.io-index"
checksum = "f6e5cc1ae074a1386f4a95f2ad8fbe59c6518398669f3f9ef6e77b761d0f0a5c"
dependencies = [
 "cortex-m",
 "cortex-m-rt",
 "derive_more",
 "form",
 "regex",
 "svd2rust",
 "vcell",
]

[[package]]
name = "atsams70j21b"
version = "0.30.3"
source = "registry+https://github.com/rust-lang/crates.io-index"
checksum = "f547122751ec45cbb6c8e72f4d9d714fbaf0c2a09df1883d9e40a8332844d5e3"
dependencies = [
 "cortex-m",
 "cortex-m-rt",
 "derive_more",
 "form",
 "regex",
 "svd2rust",
 "vcell",
]

[[package]]
name = "atsams70n19b"
version = "0.30.3"
source = "registry+https://github.com/rust-lang/crates.io-index"
checksum = "43fb3d52e7305dfd811e1c41a5f598f6e892d5a0f2b0fae4bfa19fa3ba3588f2"
dependencies = [
 "cortex-m",
 "cortex-m-rt",
 "derive_more",
 "form",
 "regex",
 "svd2rust",
 "vcell",
]

[[package]]
name = "atsams70n20b"
version = "0.30.3"
source = "registry+https://github.com/rust-lang/crates.io-index"
checksum = "bbc143c181c972d192961057ff17e08f17fbfef1bf88695c51232dd0553b492a"
dependencies = [
 "cortex-m",
 "cortex-m-rt",
 "derive_more",
 "form",
 "regex",
 "svd2rust",
 "vcell",
]

[[package]]
name = "atsams70n21b"
version = "0.30.3"
source = "registry+https://github.com/rust-lang/crates.io-index"
checksum = "f1bda6dc40df410f8cfb274a8dd9af3b12293a4d4da7fbbd342b1b16f450c1e8"
dependencies = [
 "cortex-m",
 "cortex-m-rt",
 "derive_more",
 "form",
 "regex",
 "svd2rust",
 "vcell",
]

[[package]]
name = "atsams70q19b"
version = "0.30.3"
source = "registry+https://github.com/rust-lang/crates.io-index"
checksum = "903c9b3d2a0e6120f5e436c933707e70830ea3886ab6e89b7a497cfb73ba4dd5"
dependencies = [
 "cortex-m",
 "cortex-m-rt",
 "derive_more",
 "form",
 "regex",
 "svd2rust",
 "vcell",
]

[[package]]
name = "atsams70q20b"
version = "0.30.3"
source = "registry+https://github.com/rust-lang/crates.io-index"
checksum = "cc8bbe8b14b0f99295b28c7282721ec5ef8ee924c0d442d97fb02244cc9a3c74"
dependencies = [
 "cortex-m",
 "cortex-m-rt",
 "derive_more",
 "form",
 "regex",
 "svd2rust",
 "vcell",
]

[[package]]
name = "atsams70q21b"
version = "0.30.3"
source = "registry+https://github.com/rust-lang/crates.io-index"
checksum = "570c4cf6ae13e831c30f580b2cdd3be9983a32e7ad54db3a007a92a7a343e810"
dependencies = [
 "cortex-m",
 "cortex-m-rt",
 "derive_more",
 "form",
 "regex",
 "svd2rust",
 "vcell",
]

[[package]]
name = "atsamv70j19b"
version = "0.30.3"
source = "registry+https://github.com/rust-lang/crates.io-index"
checksum = "f11e7c094af1f66be41ce4c513ebd35963eceaebaeca63fc45e9a66f0f15253b"
dependencies = [
 "cortex-m",
 "cortex-m-rt",
 "derive_more",
 "form",
 "regex",
 "svd2rust",
 "vcell",
]

[[package]]
name = "atsamv70j20b"
version = "0.30.3"
source = "registry+https://github.com/rust-lang/crates.io-index"
checksum = "00965452203909bfe921d8ab80144a264a69886c8301c6e093cafbdf2a9fae1a"
dependencies = [
 "cortex-m",
 "cortex-m-rt",
 "derive_more",
 "form",
 "regex",
 "svd2rust",
 "vcell",
]

[[package]]
name = "atsamv70n19b"
version = "0.30.3"
source = "registry+https://github.com/rust-lang/crates.io-index"
checksum = "f6020dc5f696f7c40f1bda62b9531ce9a7ceab09d6044e05c309761dffd878c7"
dependencies = [
 "cortex-m",
 "cortex-m-rt",
 "derive_more",
 "form",
 "regex",
 "svd2rust",
 "vcell",
]

[[package]]
name = "atsamv70n20b"
version = "0.30.3"
source = "registry+https://github.com/rust-lang/crates.io-index"
checksum = "b543a617ca9ca70c6fe499326a1e9ba3da2dfbdff47fa0e9be312794d832745b"
dependencies = [
 "cortex-m",
 "cortex-m-rt",
 "derive_more",
 "form",
 "regex",
 "svd2rust",
 "vcell",
]

[[package]]
name = "atsamv70q19b"
version = "0.30.3"
source = "registry+https://github.com/rust-lang/crates.io-index"
checksum = "848fdbb5c2acb72f37910338948a31a3ba88e73335d6768c9643a9079a2cd138"
dependencies = [
 "cortex-m",
 "cortex-m-rt",
 "derive_more",
 "form",
 "regex",
 "svd2rust",
 "vcell",
]

[[package]]
name = "atsamv70q20b"
version = "0.30.3"
source = "registry+https://github.com/rust-lang/crates.io-index"
checksum = "056bd49c065c770fc5ade9b1a8f220e32fb65898b6da2873d1c2e3ff3b9ae648"
dependencies = [
 "cortex-m",
 "cortex-m-rt",
 "derive_more",
 "form",
 "regex",
 "svd2rust",
 "vcell",
]

[[package]]
name = "atsamv71j19b"
version = "0.30.3"
source = "registry+https://github.com/rust-lang/crates.io-index"
checksum = "051583b283c7202af093388ca7cf8155d4d7f048bcced0a4b9604d88af68cde9"
dependencies = [
 "cortex-m",
 "cortex-m-rt",
 "derive_more",
 "form",
 "regex",
 "svd2rust",
 "vcell",
]

[[package]]
name = "atsamv71j20b"
version = "0.30.3"
source = "registry+https://github.com/rust-lang/crates.io-index"
checksum = "8b8535558198f7f86c4f6391c90af07df3e7703931e11e72640bcfc20a35c7a2"
dependencies = [
 "cortex-m",
 "cortex-m-rt",
 "derive_more",
 "form",
 "regex",
 "svd2rust",
 "vcell",
]

[[package]]
name = "atsamv71j21b"
version = "0.30.3"
source = "registry+https://github.com/rust-lang/crates.io-index"
checksum = "25ce1e931cbbabfee277e352944f108ada9312f91c60b1dfb1b57a909acedfe9"
dependencies = [
 "cortex-m",
 "cortex-m-rt",
 "derive_more",
 "form",
 "regex",
 "svd2rust",
 "vcell",
]

[[package]]
name = "atsamv71n19b"
version = "0.30.3"
source = "registry+https://github.com/rust-lang/crates.io-index"
checksum = "1b6f4cbf805800849dd7a19ce2304d03af140f00bb141217e4243505f8b290bf"
dependencies = [
 "cortex-m",
 "cortex-m-rt",
 "derive_more",
 "form",
 "regex",
 "svd2rust",
 "vcell",
]

[[package]]
name = "atsamv71n20b"
version = "0.30.3"
source = "registry+https://github.com/rust-lang/crates.io-index"
checksum = "4a6857b6aed1a1ebc552b938e5e54846f58ec684574e498636c5ae4a012f76af"
dependencies = [
 "cortex-m",
 "cortex-m-rt",
 "derive_more",
 "form",
 "regex",
 "svd2rust",
 "vcell",
]

[[package]]
name = "atsamv71n21b"
version = "0.30.3"
source = "registry+https://github.com/rust-lang/crates.io-index"
checksum = "2a10a8e0193556ac9edb60181381d24d3ed599cb3f7f89a93cdd82853ff82051"
dependencies = [
 "cortex-m",
 "cortex-m-rt",
 "derive_more",
 "form",
 "regex",
 "svd2rust",
 "vcell",
]

[[package]]
name = "atsamv71q19b"
version = "0.30.3"
source = "registry+https://github.com/rust-lang/crates.io-index"
checksum = "b770e67d4385c1ca52ddb10394b2c27128e0df4f0128db540bce1a5cb91c4072"
dependencies = [
 "cortex-m",
 "cortex-m-rt",
 "derive_more",
 "form",
 "regex",
 "svd2rust",
 "vcell",
]

[[package]]
name = "atsamv71q20b"
version = "0.30.3"
source = "registry+https://github.com/rust-lang/crates.io-index"
checksum = "22297cce1928378cefb86966a3a83ffd47f8d0f310ac9e45ee2eb4e377fcce72"
dependencies = [
 "cortex-m",
 "cortex-m-rt",
 "derive_more",
 "form",
 "regex",
 "svd2rust",
 "vcell",
]

[[package]]
name = "atsamv71q21b"
version = "0.30.3"
source = "registry+https://github.com/rust-lang/crates.io-index"
checksum = "fe0d9104044ddcb9d05c07555af98b8b3179681d6e239abd90b6adf4a4e6082d"
dependencies = [
 "cortex-m",
 "cortex-m-rt",
 "derive_more",
 "form",
 "regex",
 "svd2rust",
 "vcell",
]

[[package]]
name = "atsamx7x-hal"
version = "0.4.5"
dependencies = [
 "atsame70j19b",
 "atsame70j20b",
 "atsame70j21b",
 "atsame70n19b",
 "atsame70n20b",
 "atsame70n21b",
 "atsame70q19b",
 "atsame70q20b",
 "atsame70q21b",
 "atsams70j19b",
 "atsams70j20b",
 "atsams70j21b",
 "atsams70n19b",
 "atsams70n20b",
 "atsams70n21b",
 "atsams70q19b",
 "atsams70q20b",
 "atsams70q21b",
 "atsamv70j19b",
 "atsamv70j20b",
 "atsamv70n19b",
 "atsamv70n20b",
 "atsamv70q19b",
 "atsamv70q20b",
 "atsamv71j19b",
 "atsamv71j20b",
 "atsamv71j21b",
 "atsamv71n19b",
 "atsamv71n20b",
 "atsamv71n21b",
 "atsamv71q19b",
 "atsamv71q20b",
 "atsamv71q21b",
 "bit-iter",
 "cfg-if",
 "cortex-m",
 "embedded-hal",
 "fugit",
 "mcan-core",
 "nb 1.1.0",
 "paste",
 "rtic-monotonic",
 "strum",
 "usb-device",
 "void",
]

[[package]]
name = "autocfg"
version = "1.1.0"
source = "registry+https://github.com/rust-lang/crates.io-index"
checksum = "d468802bab17cbc0cc575e9b053f41e72aa36bfa6b7f55e3529ffa43161b97fa"

[[package]]
name = "bare-metal"
version = "0.2.5"
source = "registry+https://github.com/rust-lang/crates.io-index"
checksum = "5deb64efa5bd81e31fcd1938615a6d98c82eafcbcd787162b6f63b91d6bac5b3"
dependencies = [
 "rustc_version 0.2.3",
]

[[package]]
name = "bare-metal"
version = "1.0.0"
source = "registry+https://github.com/rust-lang/crates.io-index"
checksum = "f8fe8f5a8a398345e52358e18ff07cc17a568fbca5c6f73873d3a62056309603"

[[package]]
name = "bit-iter"
version = "1.1.1"
source = "registry+https://github.com/rust-lang/crates.io-index"
checksum = "23067a77080631c5d676e61865867f5e595a3f9a50bf6973e24fb7ce5c20ee91"

[[package]]
name = "bitfield"
version = "0.13.2"
source = "registry+https://github.com/rust-lang/crates.io-index"
checksum = "46afbd2983a5d5a7bd740ccb198caf5b82f45c40c09c0eed36052d91cb92e719"

[[package]]
name = "bitflags"
version = "2.4.0"
source = "registry+https://github.com/rust-lang/crates.io-index"
checksum = "b4682ae6287fcf752ecaabbfcc7b6f9b72aa33933dc23a554d853aea8eea8635"

[[package]]
name = "blake2b_simd"
version = "1.0.1"
source = "registry+https://github.com/rust-lang/crates.io-index"
checksum = "3c2f0dc9a68c6317d884f97cc36cf5a3d20ba14ce404227df55e1af708ab04bc"
dependencies = [
 "arrayref",
 "arrayvec",
 "constant_time_eq",
]

[[package]]
name = "byteorder"
version = "1.4.3"
source = "registry+https://github.com/rust-lang/crates.io-index"
checksum = "14c189c53d098945499cdfa7ecc63567cf3886b3332b312a5b4585d8d3a6a610"

[[package]]
name = "cc"
version = "1.0.83"
source = "registry+https://github.com/rust-lang/crates.io-index"
checksum = "f1174fb0b6ec23863f8b971027804a42614e347eafb0a95bf0b12cdae21fc4d0"
dependencies = [
 "libc",
]

[[package]]
name = "cfg-if"
version = "1.0.0"
source = "registry+https://github.com/rust-lang/crates.io-index"
checksum = "baf1de4339761588bc0619e3cbc0120ee582ebb74b53b4efbf79117bd2da40fd"

[[package]]
name = "clap"
version = "4.3.23"
source = "registry+https://github.com/rust-lang/crates.io-index"
checksum = "03aef18ddf7d879c15ce20f04826ef8418101c7e528014c3eeea13321047dca3"
dependencies = [
 "clap_builder",
]

[[package]]
name = "clap_builder"
version = "4.3.23"
source = "registry+https://github.com/rust-lang/crates.io-index"
checksum = "f8ce6fffb678c9b80a70b6b6de0aad31df727623a70fd9a842c30cd573e2fa98"
dependencies = [
 "anstream",
 "anstyle",
 "clap_lex",
 "strsim",
]

[[package]]
name = "clap_lex"
version = "0.5.0"
source = "registry+https://github.com/rust-lang/crates.io-index"
checksum = "2da6da31387c7e4ef160ffab6d5e7f00c42626fe39aea70a7b0f1773f7dd6c1b"

[[package]]
name = "colorchoice"
version = "1.0.0"
source = "registry+https://github.com/rust-lang/crates.io-index"
checksum = "acbf1af155f9b9ef647e42cdc158db4b64a1b61f743629225fde6f3e0be2a7c7"

[[package]]
name = "constant_time_eq"
version = "0.2.6"
source = "registry+https://github.com/rust-lang/crates.io-index"
checksum = "21a53c0a4d288377e7415b53dcfc3c04da5cdc2cc95c8d5ac178b58f0b861ad6"

[[package]]
name = "convert_case"
version = "0.4.0"
source = "registry+https://github.com/rust-lang/crates.io-index"
checksum = "6245d59a3e82a7fc217c5828a6692dbc6dfb63a0c8c90495621f7b9d79704a0e"

[[package]]
name = "cortex-m"
version = "0.7.7"
source = "registry+https://github.com/rust-lang/crates.io-index"
checksum = "8ec610d8f49840a5b376c69663b6369e71f4b34484b9b2eb29fb918d92516cb9"
dependencies = [
 "bare-metal 0.2.5",
 "bitfield",
 "embedded-hal",
 "volatile-register",
]

[[package]]
name = "cortex-m-rt"
version = "0.7.3"
source = "registry+https://github.com/rust-lang/crates.io-index"
checksum = "ee84e813d593101b1723e13ec38b6ab6abbdbaaa4546553f5395ed274079ddb1"
dependencies = [
 "cortex-m-rt-macros",
]

[[package]]
name = "cortex-m-rt-macros"
version = "0.7.0"
source = "registry+https://github.com/rust-lang/crates.io-index"
checksum = "f0f6f3e36f203cfedbc78b357fb28730aa2c6dc1ab060ee5c2405e843988d3c7"
dependencies = [
 "proc-macro2",
 "quote",
 "syn 1.0.109",
]

[[package]]
name = "cortex-m-rtic"
version = "1.1.4"
source = "registry+https://github.com/rust-lang/crates.io-index"
checksum = "d696ae7390bdb9f7978f71ca7144256a2c4616240a6df9002da3c451f9fc8f02"
dependencies = [
 "bare-metal 1.0.0",
 "cortex-m",
 "cortex-m-rtic-macros",
 "heapless",
 "rtic-core",
 "rtic-monotonic",
 "version_check",
]

[[package]]
name = "cortex-m-rtic-macros"
version = "1.1.6"
source = "registry+https://github.com/rust-lang/crates.io-index"
checksum = "eefb40b1ca901c759d29526e5c8a0a1b246c20caaa5b4cc5d0f0b94debecd4c7"
dependencies = [
 "proc-macro-error",
 "proc-macro2",
 "quote",
 "rtic-syntax",
 "syn 1.0.109",
]

[[package]]
name = "critical-section"
version = "1.1.1"
source = "registry+https://github.com/rust-lang/crates.io-index"
checksum = "6548a0ad5d2549e111e1f6a11a6c2e2d00ce6a3dafe22948d67c2b443f775e52"

[[package]]
name = "darling"
version = "0.14.4"
source = "registry+https://github.com/rust-lang/crates.io-index"
checksum = "7b750cb3417fd1b327431a470f388520309479ab0bf5e323505daf0290cd3850"
dependencies = [
 "darling_core",
 "darling_macro",
]

[[package]]
name = "darling_core"
version = "0.14.4"
source = "registry+https://github.com/rust-lang/crates.io-index"
checksum = "109c1ca6e6b7f82cc233a97004ea8ed7ca123a9af07a8230878fcfda9b158bf0"
dependencies = [
 "fnv",
 "ident_case",
 "proc-macro2",
 "quote",
 "strsim",
 "syn 1.0.109",
]

[[package]]
name = "darling_macro"
version = "0.14.4"
source = "registry+https://github.com/rust-lang/crates.io-index"
checksum = "a4aab4dbc9f7611d8b55048a3a16d2d010c2c8334e46304b40ac1cc14bf3b48e"
dependencies = [
 "darling_core",
 "quote",
 "syn 1.0.109",
]

[[package]]
name = "derive_builder"
version = "0.12.0"
source = "registry+https://github.com/rust-lang/crates.io-index"
checksum = "8d67778784b508018359cbc8696edb3db78160bab2c2a28ba7f56ef6932997f8"
dependencies = [
 "derive_builder_macro",
]

[[package]]
name = "derive_builder_core"
version = "0.12.0"
source = "registry+https://github.com/rust-lang/crates.io-index"
checksum = "c11bdc11a0c47bc7d37d582b5285da6849c96681023680b906673c5707af7b0f"
dependencies = [
 "darling",
 "proc-macro2",
 "quote",
 "syn 1.0.109",
]

[[package]]
name = "derive_builder_macro"
version = "0.12.0"
source = "registry+https://github.com/rust-lang/crates.io-index"
checksum = "ebcda35c7a396850a55ffeac740804b40ffec779b98fffbb1738f4033f0ee79e"
dependencies = [
 "derive_builder_core",
 "syn 1.0.109",
]

[[package]]
name = "derive_more"
version = "0.99.17"
source = "registry+https://github.com/rust-lang/crates.io-index"
checksum = "4fb810d30a7c1953f91334de7244731fc3f3c10d7fe163338a35b9f640960321"
dependencies = [
 "convert_case",
 "proc-macro2",
 "quote",
 "rustc_version 0.4.0",
 "syn 1.0.109",
]

[[package]]
name = "embedded-hal"
version = "0.2.7"
source = "registry+https://github.com/rust-lang/crates.io-index"
checksum = "35949884794ad573cf46071e41c9b60efb0cb311e3ca01f7af807af1debc66ff"
dependencies = [
 "nb 0.1.3",
 "void",
]

[[package]]
name = "env_logger"
version = "0.10.2"
source = "registry+https://github.com/rust-lang/crates.io-index"
checksum = "4cd405aab171cb85d6735e5c8d9db038c17d3ca007a4d2c25f337935c3d90580"
dependencies = [
 "humantime",
 "is-terminal",
 "log",
 "regex",
 "termcolor",
]

[[package]]
name = "equivalent"
version = "1.0.1"
source = "registry+https://github.com/rust-lang/crates.io-index"
checksum = "5443807d6dff69373d433ab9ef5378ad8df50ca6298caf15de6e52e24aaf54d5"

[[package]]
name = "errno"
version = "0.3.2"
source = "registry+https://github.com/rust-lang/crates.io-index"
checksum = "6b30f669a7961ef1631673d2766cc92f52d64f7ef354d4fe0ddfd30ed52f0f4f"
dependencies = [
 "errno-dragonfly",
 "libc",
 "windows-sys",
]

[[package]]
name = "errno-dragonfly"
version = "0.1.2"
source = "registry+https://github.com/rust-lang/crates.io-index"
checksum = "aa68f1b12764fab894d2755d2518754e71b4fd80ecfb822714a1206c2aab39bf"
dependencies = [
 "cc",
 "libc",
]

[[package]]
name = "fnv"
version = "1.0.7"
source = "registry+https://github.com/rust-lang/crates.io-index"
checksum = "3f9eec918d3f24069decb9af1554cad7c880e2da24a9afd88aca000531ab82c1"

[[package]]
name = "form"
version = "0.11.1"
source = "registry+https://github.com/rust-lang/crates.io-index"
checksum = "c6722a93a9407a430eda85fe2d0a1351136f69efd1aabf54a6c3c9ad2c1cd756"
dependencies = [
 "anyhow",
 "env_logger",
 "getopts",
 "log",
 "proc-macro2",
 "quote",
 "syn 1.0.109",
]

[[package]]
name = "fugit"
version = "0.3.6"
source = "registry+https://github.com/rust-lang/crates.io-index"
checksum = "7ab17bb279def6720d058cb6c052249938e7f99260ab534879281a95367a87e5"
dependencies = [
 "gcd",
]

[[package]]
name = "gcd"
version = "2.3.0"
source = "registry+https://github.com/rust-lang/crates.io-index"
checksum = "1d758ba1b47b00caf47f24925c0074ecb20d6dfcffe7f6d53395c0465674841a"

[[package]]
name = "getopts"
version = "0.2.21"
source = "registry+https://github.com/rust-lang/crates.io-index"
checksum = "14dbbfd5c71d70241ecf9e6f13737f7b5ce823821063188d7e46c41d371eebd5"
dependencies = [
 "unicode-width",
]

[[package]]
name = "hash32"
version = "0.2.1"
source = "registry+https://github.com/rust-lang/crates.io-index"
checksum = "b0c35f58762feb77d74ebe43bdbc3210f09be9fe6742234d573bacc26ed92b67"
dependencies = [
 "byteorder",
]

[[package]]
name = "hashbrown"
version = "0.12.3"
source = "registry+https://github.com/rust-lang/crates.io-index"
checksum = "8a9ee70c43aaf417c914396645a0fa852624801b24ebb7ae78fe8272889ac888"

[[package]]
name = "hashbrown"
version = "0.14.0"
source = "registry+https://github.com/rust-lang/crates.io-index"
checksum = "2c6201b9ff9fd90a5a3bac2e56a830d0caa509576f0e503818ee82c181b3437a"

[[package]]
name = "heapless"
version = "0.7.16"
source = "registry+https://github.com/rust-lang/crates.io-index"
checksum = "db04bc24a18b9ea980628ecf00e6c0264f3c1426dac36c00cb49b6fbad8b0743"
dependencies = [
 "atomic-polyfill",
 "hash32",
 "rustc_version 0.4.0",
 "spin",
 "stable_deref_trait",
]

[[package]]
name = "heck"
version = "0.5.0"
source = "registry+https://github.com/rust-lang/crates.io-index"
checksum = "2304e00983f87ffb38b55b444b5e3b60a884b5d30c0fca7d82fe33449bbe55ea"

[[package]]
name = "hermit-abi"
version = "0.3.2"
source = "registry+https://github.com/rust-lang/crates.io-index"
checksum = "443144c8cdadd93ebf52ddb4056d257f5b52c04d3c804e657d19eb73fc33668b"

[[package]]
name = "html-escape"
version = "0.2.13"
source = "registry+https://github.com/rust-lang/crates.io-index"
checksum = "6d1ad449764d627e22bfd7cd5e8868264fc9236e07c752972b4080cd351cb476"
dependencies = [
 "utf8-width",
]

[[package]]
name = "humantime"
version = "2.1.0"
source = "registry+https://github.com/rust-lang/crates.io-index"
checksum = "9a3a5bfb195931eeb336b2a7b4d761daec841b97f947d34394601737a7bba5e4"

[[package]]
name = "ident_case"
version = "1.0.1"
source = "registry+https://github.com/rust-lang/crates.io-index"
checksum = "b9e0384b61958566e926dc50660321d12159025e767c18e043daf26b70104c39"

[[package]]
name = "indexmap"
version = "1.9.3"
source = "registry+https://github.com/rust-lang/crates.io-index"
checksum = "bd070e393353796e801d209ad339e89596eb4c8d430d18ede6a1cced8fafbd99"
dependencies = [
 "autocfg",
 "hashbrown 0.12.3",
]

[[package]]
name = "indexmap"
version = "2.0.0"
source = "registry+https://github.com/rust-lang/crates.io-index"
checksum = "d5477fe2230a79769d8dc68e0eabf5437907c0457a5614a9e8dddb67f65eb65d"
dependencies = [
 "equivalent",
 "hashbrown 0.14.0",
]

[[package]]
name = "inflections"
version = "1.1.1"
source = "registry+https://github.com/rust-lang/crates.io-index"
checksum = "a257582fdcde896fd96463bf2d40eefea0580021c0712a0e2b028b60b47a837a"

[[package]]
name = "irx-config"
version = "3.3.0"
source = "registry+https://github.com/rust-lang/crates.io-index"
checksum = "3b0071d0561e65904b6ea900e6e09d84579766c20a2b6b4d628eaf3caf9ec9ee"
dependencies = [
 "blake2b_simd",
 "clap",
 "derive_builder",
 "serde",
 "serde_json",
 "serde_yaml",
 "thiserror",
 "toml",
]

[[package]]
name = "is-terminal"
version = "0.4.9"
source = "registry+https://github.com/rust-lang/crates.io-index"
checksum = "cb0889898416213fab133e1d33a0e5858a48177452750691bde3666d0fdbaf8b"
dependencies = [
 "hermit-abi",
 "rustix",
 "windows-sys",
]

[[package]]
name = "itoa"
version = "1.0.9"
source = "registry+https://github.com/rust-lang/crates.io-index"
checksum = "af150ab688ff2122fcef229be89cb50dd66af9e01a4ff320cc137eecc9bacc38"

[[package]]
name = "libc"
version = "0.2.147"
source = "registry+https://github.com/rust-lang/crates.io-index"
checksum = "b4668fb0ea861c1df094127ac5f1da3409a82116a4ba74fca2e58ef927159bb3"

[[package]]
name = "linux-raw-sys"
version = "0.4.5"
source = "registry+https://github.com/rust-lang/crates.io-index"
checksum = "57bcfdad1b858c2db7c38303a6d2ad4dfaf5eb53dfeb0910128b2c26d6158503"

[[package]]
name = "lock_api"
version = "0.4.9"
source = "registry+https://github.com/rust-lang/crates.io-index"
checksum = "435011366fe56583b16cf956f9df0095b405b82d76425bc8981c0e22e60ec4df"
dependencies = [
 "autocfg",
 "scopeguard",
]

[[package]]
name = "log"
version = "0.4.20"
source = "registry+https://github.com/rust-lang/crates.io-index"
checksum = "b5e6163cb8c49088c2c36f57875e58ccd8c87c7427f7fbd50ea6710b2f3f2e8f"

[[package]]
name = "mcan-core"
version = "0.2.2"
source = "registry+https://github.com/rust-lang/crates.io-index"
checksum = "8b3dee4ff5269e2465cc856d37103cce916c1ef73b4377f006c963872e69f7ca"
dependencies = [
 "fugit",
]

[[package]]
name = "memchr"
version = "2.6.4"
source = "registry+https://github.com/rust-lang/crates.io-index"
checksum = "f665ee40bc4a3c5590afb1e9677db74a508659dfd71e126420da8274909a0167"

[[package]]
name = "nb"
version = "0.1.3"
source = "registry+https://github.com/rust-lang/crates.io-index"
checksum = "801d31da0513b6ec5214e9bf433a77966320625a37860f910be265be6e18d06f"
dependencies = [
 "nb 1.1.0",
]

[[package]]
name = "nb"
version = "1.1.0"
source = "registry+https://github.com/rust-lang/crates.io-index"
checksum = "8d5439c4ad607c3c23abf66de8c8bf57ba8adcd1f129e699851a6e43935d339d"

[[package]]
name = "num_enum"
version = "0.6.1"
source = "registry+https://github.com/rust-lang/crates.io-index"
checksum = "7a015b430d3c108a207fd776d2e2196aaf8b1cf8cf93253e3a097ff3085076a1"
dependencies = [
 "num_enum_derive",
]

[[package]]
name = "num_enum_derive"
version = "0.6.1"
source = "registry+https://github.com/rust-lang/crates.io-index"
checksum = "96667db765a921f7b295ffee8b60472b686a51d4f21c2ee4ffdb94c7013b65a6"
dependencies = [
 "proc-macro2",
 "quote",
 "syn 2.0.16",
]

[[package]]
name = "once_cell"
version = "1.18.0"
source = "registry+https://github.com/rust-lang/crates.io-index"
checksum = "dd8b5dd2ae5ed71462c540258bedcb51965123ad7e7ccf4b9a8cafaa4a63576d"

[[package]]
name = "panic-halt"
version = "0.2.0"
source = "registry+https://github.com/rust-lang/crates.io-index"
checksum = "de96540e0ebde571dc55c73d60ef407c653844e6f9a1e2fdbd40c07b9252d812"

[[package]]
name = "panic-rtt-target"
version = "0.1.2"
source = "registry+https://github.com/rust-lang/crates.io-index"
checksum = "0d6ab67bc881453e4c90f958c657c1303670ea87bc1a16e87fd71a40f656dce9"
dependencies = [
 "cortex-m",
 "rtt-target",
]

[[package]]
name = "paste"
version = "1.0.12"
source = "registry+https://github.com/rust-lang/crates.io-index"
checksum = "9f746c4065a8fa3fe23974dd82f15431cc8d40779821001404d10d2e79ca7d79"

[[package]]
name = "portable-atomic"
version = "1.6.0"
source = "registry+https://github.com/rust-lang/crates.io-index"
checksum = "7170ef9988bc169ba16dd36a7fa041e5c4cbeb6a35b76d4c03daded371eae7c0"

[[package]]
name = "proc-macro-error"
version = "1.0.4"
source = "registry+https://github.com/rust-lang/crates.io-index"
checksum = "da25490ff9892aab3fcf7c36f08cfb902dd3e71ca0f9f9517bea02a73a5ce38c"
dependencies = [
 "proc-macro-error-attr",
 "proc-macro2",
 "quote",
 "syn 1.0.109",
 "version_check",
]

[[package]]
name = "proc-macro-error-attr"
version = "1.0.4"
source = "registry+https://github.com/rust-lang/crates.io-index"
checksum = "a1be40180e52ecc98ad80b184934baf3d0d29f979574e439af5a55274b35f869"
dependencies = [
 "proc-macro2",
 "quote",
 "version_check",
]

[[package]]
name = "proc-macro2"
version = "1.0.56"
source = "registry+https://github.com/rust-lang/crates.io-index"
checksum = "2b63bdb0cd06f1f4dedf69b254734f9b45af66e4a031e42a7480257d9898b435"
dependencies = [
 "unicode-ident",
]

[[package]]
name = "quote"
version = "1.0.26"
source = "registry+https://github.com/rust-lang/crates.io-index"
checksum = "4424af4bf778aae2051a77b60283332f386554255d722233d09fbfc7e30da2fc"
dependencies = [
 "proc-macro2",
]

[[package]]
name = "regex"
version = "1.10.2"
source = "registry+https://github.com/rust-lang/crates.io-index"
checksum = "380b951a9c5e80ddfd6136919eef32310721aa4aacd4889a8d39124b026ab343"
dependencies = [
 "aho-corasick",
 "memchr",
 "regex-automata",
 "regex-syntax",
]

[[package]]
name = "regex-automata"
version = "0.4.3"
source = "registry+https://github.com/rust-lang/crates.io-index"
checksum = "5f804c7828047e88b2d32e2d7fe5a105da8ee3264f01902f796c8e067dc2483f"
dependencies = [
 "aho-corasick",
 "memchr",
 "regex-syntax",
]

[[package]]
name = "regex-syntax"
version = "0.8.2"
source = "registry+https://github.com/rust-lang/crates.io-index"
checksum = "c08c74e62047bb2de4ff487b251e4a92e24f48745648451635cec7d591162d9f"

[[package]]
name = "roxmltree"
version = "0.20.0"
source = "registry+https://github.com/rust-lang/crates.io-index"
checksum = "6c20b6793b5c2fa6553b250154b78d6d0db37e72700ae35fad9387a46f487c97"

[[package]]
name = "rtic-core"
version = "1.0.0"
source = "registry+https://github.com/rust-lang/crates.io-index"
checksum = "d9369355b04d06a3780ec0f51ea2d225624db777acbc60abd8ca4832da5c1a42"

[[package]]
name = "rtic-monotonic"
version = "1.0.0"
source = "registry+https://github.com/rust-lang/crates.io-index"
checksum = "fb8b0b822d1a366470b9cea83a1d4e788392db763539dc4ba022bcc787fece82"

[[package]]
name = "rtic-syntax"
version = "1.0.3"
source = "registry+https://github.com/rust-lang/crates.io-index"
checksum = "5f5e215601dc467752c2bddc6284a622c6f3d2bab569d992adcd5ab7e4cb9478"
dependencies = [
 "indexmap 1.9.3",
 "proc-macro2",
 "quote",
 "syn 1.0.109",
]

[[package]]
name = "rtt-target"
version = "0.3.1"
source = "registry+https://github.com/rust-lang/crates.io-index"
checksum = "065d6058bb1204f51a562a67209e1817cf714759d5cf845aa45c75fa7b0b9d9b"
dependencies = [
 "cortex-m",
 "ufmt-write",
]

[[package]]
name = "rustc_version"
version = "0.2.3"
source = "registry+https://github.com/rust-lang/crates.io-index"
checksum = "138e3e0acb6c9fb258b19b67cb8abd63c00679d2851805ea151465464fe9030a"
dependencies = [
 "semver 0.9.0",
]

[[package]]
name = "rustc_version"
version = "0.4.0"
source = "registry+https://github.com/rust-lang/crates.io-index"
checksum = "bfa0f585226d2e68097d4f95d113b15b83a82e819ab25717ec0590d9584ef366"
dependencies = [
 "semver 1.0.17",
]

[[package]]
name = "rustix"
version = "0.38.8"
source = "registry+https://github.com/rust-lang/crates.io-index"
checksum = "19ed4fa021d81c8392ce04db050a3da9a60299050b7ae1cf482d862b54a7218f"
dependencies = [
 "bitflags",
 "errno",
 "libc",
 "linux-raw-sys",
 "windows-sys",
]

[[package]]
name = "rustversion"
version = "1.0.12"
source = "registry+https://github.com/rust-lang/crates.io-index"
checksum = "4f3208ce4d8448b3f3e7d168a73f5e0c43a61e32930de3bceeccedb388b6bf06"

[[package]]
name = "ryu"
version = "1.0.15"
source = "registry+https://github.com/rust-lang/crates.io-index"
checksum = "1ad4cc8da4ef723ed60bced201181d83791ad433213d8c24efffda1eec85d741"

[[package]]
name = "scopeguard"
version = "1.1.0"
source = "registry+https://github.com/rust-lang/crates.io-index"
checksum = "d29ab0c6d3fc0ee92fe66e2d99f700eab17a8d57d1c1d3b748380fb20baa78cd"

[[package]]
name = "semver"
version = "0.9.0"
source = "registry+https://github.com/rust-lang/crates.io-index"
checksum = "1d7eb9ef2c18661902cc47e535f9bc51b78acd254da71d375c2f6720d9a40403"
dependencies = [
 "semver-parser",
]

[[package]]
name = "semver"
version = "1.0.17"
source = "registry+https://github.com/rust-lang/crates.io-index"
checksum = "bebd363326d05ec3e2f532ab7660680f3b02130d780c299bca73469d521bc0ed"

[[package]]
name = "semver-parser"
version = "0.7.0"
source = "registry+https://github.com/rust-lang/crates.io-index"
checksum = "388a1df253eca08550bef6c72392cfe7c30914bf41df5269b68cbd6ff8f570a3"

[[package]]
name = "serde"
version = "1.0.164"
source = "registry+https://github.com/rust-lang/crates.io-index"
checksum = "9e8c8cf938e98f769bc164923b06dce91cea1751522f46f8466461af04c9027d"
dependencies = [
 "serde_derive",
]

[[package]]
name = "serde_derive"
version = "1.0.164"
source = "registry+https://github.com/rust-lang/crates.io-index"
checksum = "d9735b638ccc51c28bf6914d90a2e9725b377144fc612c49a611fddd1b631d68"
dependencies = [
 "proc-macro2",
 "quote",
 "syn 2.0.16",
]

[[package]]
name = "serde_json"
version = "1.0.99"
source = "registry+https://github.com/rust-lang/crates.io-index"
checksum = "46266871c240a00b8f503b877622fe33430b3c7d963bdc0f2adc511e54a1eae3"
dependencies = [
 "itoa",
 "ryu",
 "serde",
]

[[package]]
name = "serde_spanned"
version = "0.6.3"
source = "registry+https://github.com/rust-lang/crates.io-index"
checksum = "96426c9936fd7a0124915f9185ea1d20aa9445cc9821142f0a73bc9207a2e186"
dependencies = [
 "serde",
]

[[package]]
name = "serde_yaml"
version = "0.9.25"
source = "registry+https://github.com/rust-lang/crates.io-index"
checksum = "1a49e178e4452f45cb61d0cd8cebc1b0fafd3e41929e996cef79aa3aca91f574"
dependencies = [
 "indexmap 2.0.0",
 "itoa",
 "ryu",
 "serde",
 "unsafe-libyaml",
]

[[package]]
name = "spin"
version = "0.9.8"
source = "registry+https://github.com/rust-lang/crates.io-index"
checksum = "6980e8d7511241f8acf4aebddbb1ff938df5eebe98691418c4468d0b72a96a67"
dependencies = [
 "lock_api",
]

[[package]]
name = "stable_deref_trait"
version = "1.2.0"
source = "registry+https://github.com/rust-lang/crates.io-index"
checksum = "a8f112729512f8e442d81f95a8a7ddf2b7c6b8a1a6f509a95864142b30cab2d3"

[[package]]
name = "strsim"
version = "0.10.0"
source = "registry+https://github.com/rust-lang/crates.io-index"
checksum = "73473c0e59e6d5812c5dfe2a064a6444949f089e20eec9a2e5506596494e4623"

[[package]]
name = "strum"
version = "0.26.3"
source = "registry+https://github.com/rust-lang/crates.io-index"
checksum = "8fec0f0aef304996cf250b31b5a10dee7980c85da9d759361292b8bca5a18f06"
dependencies = [
 "strum_macros",
]

[[package]]
name = "strum_macros"
version = "0.26.4"
source = "registry+https://github.com/rust-lang/crates.io-index"
checksum = "4c6bee85a5a24955dc440386795aa378cd9cf82acd5f764469152d2270e581be"
dependencies = [
 "heck",
 "proc-macro2",
 "quote",
 "rustversion",
 "syn 2.0.16",
]

[[package]]
name = "svd-parser"
version = "0.14.9"
source = "registry+https://github.com/rust-lang/crates.io-index"
checksum = "a41fe17e46dee363a7d3b20e878bbf6d6b4e839ae010ff07ef0e05d41d201811"
dependencies = [
 "anyhow",
 "roxmltree",
 "svd-rs",
 "thiserror",
]

[[package]]
name = "svd-rs"
version = "0.14.12"
source = "registry+https://github.com/rust-lang/crates.io-index"
checksum = "c9b88ee2e82f09623ff76965587dc15a2e7150a3126854899c86e94dab777458"
dependencies = [
 "once_cell",
 "regex",
 "serde",
 "thiserror",
]

[[package]]
name = "svd2rust"
version = "0.30.3"
source = "registry+https://github.com/rust-lang/crates.io-index"
checksum = "e4eefe0f23836b687cbbccdf2d21ec9a4c7c590adbeae6cd45662b6a146932ba"
dependencies = [
 "anyhow",
 "clap",
 "env_logger",
 "html-escape",
 "inflections",
 "irx-config",
 "log",
 "proc-macro2",
 "quote",
 "regex",
 "serde",
 "serde_json",
 "serde_yaml",
 "svd-parser",
 "svd-rs",
 "syn 2.0.16",
 "thiserror",
]

[[package]]
name = "syn"
version = "1.0.109"
source = "registry+https://github.com/rust-lang/crates.io-index"
checksum = "72b64191b275b66ffe2469e8af2c1cfe3bafa67b529ead792a6d0160888b4237"
dependencies = [
 "proc-macro2",
 "quote",
 "unicode-ident",
]

[[package]]
name = "syn"
version = "2.0.16"
source = "registry+https://github.com/rust-lang/crates.io-index"
checksum = "a6f671d4b5ffdb8eadec19c0ae67fe2639df8684bd7bc4b83d986b8db549cf01"
dependencies = [
 "proc-macro2",
 "quote",
 "unicode-ident",
]

[[package]]
name = "termcolor"
version = "1.2.0"
source = "registry+https://github.com/rust-lang/crates.io-index"
checksum = "be55cf8942feac5c765c2c993422806843c9a9a45d4d5c407ad6dd2ea95eb9b6"
dependencies = [
 "winapi-util",
]

[[package]]
name = "thiserror"
version = "1.0.40"
source = "registry+https://github.com/rust-lang/crates.io-index"
checksum = "978c9a314bd8dc99be594bc3c175faaa9794be04a5a5e153caba6915336cebac"
dependencies = [
 "thiserror-impl",
]

[[package]]
name = "thiserror-impl"
version = "1.0.40"
source = "registry+https://github.com/rust-lang/crates.io-index"
checksum = "f9456a42c5b0d803c8cd86e73dd7cc9edd429499f37a3550d286d5e86720569f"
dependencies = [
 "proc-macro2",
 "quote",
 "syn 2.0.16",
]

[[package]]
name = "toml"
version = "0.7.6"
source = "registry+https://github.com/rust-lang/crates.io-index"
checksum = "c17e963a819c331dcacd7ab957d80bc2b9a9c1e71c804826d2f283dd65306542"
dependencies = [
 "serde",
 "serde_spanned",
 "toml_datetime",
 "toml_edit",
]

[[package]]
name = "toml_datetime"
version = "0.6.3"
source = "registry+https://github.com/rust-lang/crates.io-index"
checksum = "7cda73e2f1397b1262d6dfdcef8aafae14d1de7748d66822d3bfeeb6d03e5e4b"
dependencies = [
 "serde",
]

[[package]]
name = "toml_edit"
version = "0.19.14"
source = "registry+https://github.com/rust-lang/crates.io-index"
checksum = "f8123f27e969974a3dfba720fdb560be359f57b44302d280ba72e76a74480e8a"
dependencies = [
 "indexmap 2.0.0",
 "serde",
 "serde_spanned",
 "toml_datetime",
 "winnow",
]

[[package]]
name = "ufmt-write"
version = "0.1.0"
source = "registry+https://github.com/rust-lang/crates.io-index"
checksum = "e87a2ed6b42ec5e28cc3b94c09982969e9227600b2e3dcbc1db927a84c06bd69"

[[package]]
name = "unicode-ident"
version = "1.0.8"
source = "registry+https://github.com/rust-lang/crates.io-index"
checksum = "e5464a87b239f13a63a501f2701565754bae92d243d4bb7eb12f6d57d2269bf4"

[[package]]
name = "unicode-width"
version = "0.1.10"
source = "registry+https://github.com/rust-lang/crates.io-index"
checksum = "c0edd1e5b14653f783770bce4a4dabb4a5108a5370a5f5d8cfe8710c361f6c8b"

[[package]]
name = "unsafe-libyaml"
version = "0.2.9"
source = "registry+https://github.com/rust-lang/crates.io-index"
checksum = "f28467d3e1d3c6586d8f25fa243f544f5800fec42d97032474e17222c2b75cfa"

[[package]]
name = "usb-device"
version = "0.3.1"
source = "registry+https://github.com/rust-lang/crates.io-index"
checksum = "e73e438f527e567fb3982f2370967821fab4f5aea84c42e218a211dd2002b6a2"
dependencies = [
 "heapless",
 "num_enum",
 "portable-atomic",
]

[[package]]
name = "usbd-serial"
version = "0.2.0"
source = "registry+https://github.com/rust-lang/crates.io-index"
checksum = "c73af5da56a26abc61a77a93afe3993e1dd643c73e61b09669bda81068cbb1bf"
dependencies = [
 "embedded-hal",
 "nb 1.1.0",
 "usb-device",
]

[[package]]
name = "utf8-width"
version = "0.1.7"
source = "registry+https://github.com/rust-lang/crates.io-index"
checksum = "86bd8d4e895da8537e5315b8254664e6b769c4ff3db18321b297a1e7004392e3"

[[package]]
name = "utf8parse"
version = "0.2.1"
source = "registry+https://github.com/rust-lang/crates.io-index"
checksum = "711b9620af191e0cdc7468a8d14e709c3dcdb115b36f838e601583af800a370a"

[[package]]
name = "vcell"
version = "0.1.3"
source = "registry+https://github.com/rust-lang/crates.io-index"
checksum = "77439c1b53d2303b20d9459b1ade71a83c716e3f9c34f3228c00e6f185d6c002"

[[package]]
name = "version_check"
version = "0.9.4"
source = "registry+https://github.com/rust-lang/crates.io-index"
checksum = "49874b5167b65d7193b8aba1567f5c7d93d001cafc34600cee003eda787e483f"

[[package]]
name = "void"
version = "1.0.2"
source = "registry+https://github.com/rust-lang/crates.io-index"
checksum = "6a02e4885ed3bc0f2de90ea6dd45ebcbb66dacffe03547fadbb0eeae2770887d"

[[package]]
name = "volatile-register"
version = "0.2.1"
source = "registry+https://github.com/rust-lang/crates.io-index"
checksum = "9ee8f19f9d74293faf70901bc20ad067dc1ad390d2cbf1e3f75f721ffee908b6"
dependencies = [
 "vcell",
]

[[package]]
name = "winapi"
version = "0.3.9"
source = "registry+https://github.com/rust-lang/crates.io-index"
checksum = "5c839a674fcd7a98952e593242ea400abe93992746761e38641405d28b00f419"
dependencies = [
 "winapi-i686-pc-windows-gnu",
 "winapi-x86_64-pc-windows-gnu",
]

[[package]]
name = "winapi-i686-pc-windows-gnu"
version = "0.4.0"
source = "registry+https://github.com/rust-lang/crates.io-index"
checksum = "ac3b87c63620426dd9b991e5ce0329eff545bccbbb34f3be09ff6fb6ab51b7b6"

[[package]]
name = "winapi-util"
version = "0.1.5"
source = "registry+https://github.com/rust-lang/crates.io-index"
checksum = "70ec6ce85bb158151cae5e5c87f95a8e97d2c0c4b001223f33a334e3ce5de178"
dependencies = [
 "winapi",
]

[[package]]
name = "winapi-x86_64-pc-windows-gnu"
version = "0.4.0"
source = "registry+https://github.com/rust-lang/crates.io-index"
checksum = "712e227841d057c1ee1cd2fb22fa7e5a5461ae8e48fa2ca79ec42cfc1931183f"

[[package]]
name = "windows-sys"
version = "0.48.0"
source = "registry+https://github.com/rust-lang/crates.io-index"
checksum = "677d2418bec65e3338edb076e806bc1ec15693c5d0104683f2efe857f61056a9"
dependencies = [
 "windows-targets",
]

[[package]]
name = "windows-targets"
version = "0.48.5"
source = "registry+https://github.com/rust-lang/crates.io-index"
checksum = "9a2fa6e2155d7247be68c096456083145c183cbbbc2764150dda45a87197940c"
dependencies = [
 "windows_aarch64_gnullvm",
 "windows_aarch64_msvc",
 "windows_i686_gnu",
 "windows_i686_msvc",
 "windows_x86_64_gnu",
 "windows_x86_64_gnullvm",
 "windows_x86_64_msvc",
]

[[package]]
name = "windows_aarch64_gnullvm"
version = "0.48.5"
source = "registry+https://github.com/rust-lang/crates.io-index"
checksum = "2b38e32f0abccf9987a4e3079dfb67dcd799fb61361e53e2882c3cbaf0d905d8"

[[package]]
name = "windows_aarch64_msvc"
version = "0.48.5"
source = "registry+https://github.com/rust-lang/crates.io-index"
checksum = "dc35310971f3b2dbbf3f0690a219f40e2d9afcf64f9ab7cc1be722937c26b4bc"

[[package]]
name = "windows_i686_gnu"
version = "0.48.5"
source = "registry+https://github.com/rust-lang/crates.io-index"
checksum = "a75915e7def60c94dcef72200b9a8e58e5091744960da64ec734a6c6e9b3743e"

[[package]]
name = "windows_i686_msvc"
version = "0.48.5"
source = "registry+https://github.com/rust-lang/crates.io-index"
checksum = "8f55c233f70c4b27f66c523580f78f1004e8b5a8b659e05a4eb49d4166cca406"

[[package]]
name = "windows_x86_64_gnu"
version = "0.48.5"
source = "registry+https://github.com/rust-lang/crates.io-index"
checksum = "53d40abd2583d23e4718fddf1ebec84dbff8381c07cae67ff7768bbf19c6718e"

[[package]]
name = "windows_x86_64_gnullvm"
version = "0.48.5"
source = "registry+https://github.com/rust-lang/crates.io-index"
checksum = "0b7b52767868a23d5bab768e390dc5f5c55825b6d30b86c844ff2dc7414044cc"

[[package]]
name = "windows_x86_64_msvc"
version = "0.48.5"
source = "registry+https://github.com/rust-lang/crates.io-index"
checksum = "ed94fce61571a4006852b7389a063ab983c02eb1bb37b47f8272ce92d06d9538"

[[package]]
name = "winnow"
version = "0.5.14"
source = "registry+https://github.com/rust-lang/crates.io-index"
checksum = "d09770118a7eb1ccaf4a594a221334119a44a814fcb0d31c5b85e83e97227a97"
dependencies = [
 "memchr",
]
